// !$*UTF8*$!
{
	archiveVersion = 1;
	classes = {
	};
	objectVersion = 50;
	objects = {

/* Begin PBXBuildFile section */
		7A1CC4F52420D5930058FB65 /* AppDelegate.swift in Sources */ = {isa = PBXBuildFile; fileRef = 7A1CC4F42420D5930058FB65 /* AppDelegate.swift */; };
		7A1CC4F92420D5950058FB65 /* Assets.xcassets in Resources */ = {isa = PBXBuildFile; fileRef = 7A1CC4F82420D5950058FB65 /* Assets.xcassets */; };
		7A1CC4FC2420D5950058FB65 /* Preview Assets.xcassets in Resources */ = {isa = PBXBuildFile; fileRef = 7A1CC4FB2420D5950058FB65 /* Preview Assets.xcassets */; };
		7A1CC4FF2420D5950058FB65 /* Main.storyboard in Resources */ = {isa = PBXBuildFile; fileRef = 7A1CC4FD2420D5950058FB65 /* Main.storyboard */; };
		7A727B5A24212599002FDD12 /* DashboardView.swift in Sources */ = {isa = PBXBuildFile; fileRef = 7A727B5924212599002FDD12 /* DashboardView.swift */; };
		7A727B5C242125BC002FDD12 /* DownloadingView.swift in Sources */ = {isa = PBXBuildFile; fileRef = 7A727B5B242125BC002FDD12 /* DownloadingView.swift */; };
		7A727B5E242125C5002FDD12 /* HistoryView.swift in Sources */ = {isa = PBXBuildFile; fileRef = 7A727B5D242125C5002FDD12 /* HistoryView.swift */; };
		7A727B60242125CF002FDD12 /* TrashView.swift in Sources */ = {isa = PBXBuildFile; fileRef = 7A727B5F242125CF002FDD12 /* TrashView.swift */; };
		7A727B62242126CD002FDD12 /* TaskCellView.swift in Sources */ = {isa = PBXBuildFile; fileRef = 7A727B61242126CD002FDD12 /* TaskCellView.swift */; };
		7A727B6624215096002FDD12 /* SettingsView.swift in Sources */ = {isa = PBXBuildFile; fileRef = 7A727B6524215096002FDD12 /* SettingsView.swift */; };
		7A727B6824234A0A002FDD12 /* NewTaskView.swift in Sources */ = {isa = PBXBuildFile; fileRef = 7A727B6724234A0A002FDD12 /* NewTaskView.swift */; };
/* End PBXBuildFile section */

/* Begin PBXFileReference section */
		7A1CC4F12420D5930058FB65 /* aira.app */ = {isa = PBXFileReference; explicitFileType = wrapper.application; includeInIndex = 0; path = aira.app; sourceTree = BUILT_PRODUCTS_DIR; };
		7A1CC4F42420D5930058FB65 /* AppDelegate.swift */ = {isa = PBXFileReference; lastKnownFileType = sourcecode.swift; path = AppDelegate.swift; sourceTree = "<group>"; };
		7A1CC4F82420D5950058FB65 /* Assets.xcassets */ = {isa = PBXFileReference; lastKnownFileType = folder.assetcatalog; path = Assets.xcassets; sourceTree = "<group>"; };
		7A1CC4FB2420D5950058FB65 /* Preview Assets.xcassets */ = {isa = PBXFileReference; lastKnownFileType = folder.assetcatalog; path = "Preview Assets.xcassets"; sourceTree = "<group>"; };
		7A1CC4FE2420D5950058FB65 /* Base */ = {isa = PBXFileReference; lastKnownFileType = file.storyboard; name = Base; path = Base.lproj/Main.storyboard; sourceTree = "<group>"; };
		7A1CC5002420D5950058FB65 /* Info.plist */ = {isa = PBXFileReference; lastKnownFileType = text.plist.xml; path = Info.plist; sourceTree = "<group>"; };
		7A1CC5012420D5950058FB65 /* aira.entitlements */ = {isa = PBXFileReference; lastKnownFileType = text.plist.entitlements; path = aira.entitlements; sourceTree = "<group>"; };
		7A727B5924212599002FDD12 /* DashboardView.swift */ = {isa = PBXFileReference; lastKnownFileType = sourcecode.swift; path = DashboardView.swift; sourceTree = "<group>"; };
		7A727B5B242125BC002FDD12 /* DownloadingView.swift */ = {isa = PBXFileReference; lastKnownFileType = sourcecode.swift; path = DownloadingView.swift; sourceTree = "<group>"; };
		7A727B5D242125C5002FDD12 /* HistoryView.swift */ = {isa = PBXFileReference; lastKnownFileType = sourcecode.swift; path = HistoryView.swift; sourceTree = "<group>"; };
		7A727B5F242125CF002FDD12 /* TrashView.swift */ = {isa = PBXFileReference; lastKnownFileType = sourcecode.swift; path = TrashView.swift; sourceTree = "<group>"; };
		7A727B61242126CD002FDD12 /* TaskCellView.swift */ = {isa = PBXFileReference; lastKnownFileType = sourcecode.swift; path = TaskCellView.swift; sourceTree = "<group>"; };
		7A727B6524215096002FDD12 /* SettingsView.swift */ = {isa = PBXFileReference; lastKnownFileType = sourcecode.swift; path = SettingsView.swift; sourceTree = "<group>"; };
		7A727B6724234A0A002FDD12 /* NewTaskView.swift */ = {isa = PBXFileReference; lastKnownFileType = sourcecode.swift; path = NewTaskView.swift; sourceTree = "<group>"; };
/* End PBXFileReference section */

/* Begin PBXFrameworksBuildPhase section */
		7A1CC4EE2420D5930058FB65 /* Frameworks */ = {
			isa = PBXFrameworksBuildPhase;
			buildActionMask = 2147483647;
			files = (
			);
			runOnlyForDeploymentPostprocessing = 0;
		};
/* End PBXFrameworksBuildPhase section */

/* Begin PBXGroup section */
		7A1CC4E82420D5930058FB65 = {
			isa = PBXGroup;
			children = (
				7A1CC4F32420D5930058FB65 /* aira */,
				7A1CC4F22420D5930058FB65 /* Products */,
			);
			sourceTree = "<group>";
		};
		7A1CC4F22420D5930058FB65 /* Products */ = {
			isa = PBXGroup;
			children = (
				7A1CC4F12420D5930058FB65 /* aira.app */,
			);
			name = Products;
			sourceTree = "<group>";
		};
		7A1CC4F32420D5930058FB65 /* aira */ = {
			isa = PBXGroup;
			children = (
				7A1CC4F42420D5930058FB65 /* AppDelegate.swift */,
				7A727B5924212599002FDD12 /* DashboardView.swift */,
				7A727B5B242125BC002FDD12 /* DownloadingView.swift */,
				7A727B6724234A0A002FDD12 /* NewTaskView.swift */,
				7A727B5D242125C5002FDD12 /* HistoryView.swift */,
				7A727B5F242125CF002FDD12 /* TrashView.swift */,
				7A727B6524215096002FDD12 /* SettingsView.swift */,
				7A727B61242126CD002FDD12 /* TaskCellView.swift */,
				7A1CC4F82420D5950058FB65 /* Assets.xcassets */,
				7A1CC4FD2420D5950058FB65 /* Main.storyboard */,
				7A1CC5002420D5950058FB65 /* Info.plist */,
				7A1CC5012420D5950058FB65 /* aira.entitlements */,
				7A1CC4FA2420D5950058FB65 /* Preview Content */,
			);
			path = aira;
			sourceTree = "<group>";
		};
		7A1CC4FA2420D5950058FB65 /* Preview Content */ = {
			isa = PBXGroup;
			children = (
				7A1CC4FB2420D5950058FB65 /* Preview Assets.xcassets */,
			);
			path = "Preview Content";
			sourceTree = "<group>";
		};
/* End PBXGroup section */

/* Begin PBXNativeTarget section */
		7A1CC4F02420D5930058FB65 /* aira */ = {
			isa = PBXNativeTarget;
			buildConfigurationList = 7A1CC5042420D5950058FB65 /* Build configuration list for PBXNativeTarget "aira" */;
			buildPhases = (
				7A1CC4ED2420D5930058FB65 /* Sources */,
				7A1CC4EE2420D5930058FB65 /* Frameworks */,
				7A1CC4EF2420D5930058FB65 /* Resources */,
			);
			buildRules = (
			);
			dependencies = (
			);
			name = aira;
			productName = aira;
			productReference = 7A1CC4F12420D5930058FB65 /* aira.app */;
			productType = "com.apple.product-type.application";
		};
/* End PBXNativeTarget section */

/* Begin PBXProject section */
		7A1CC4E92420D5930058FB65 /* Project object */ = {
			isa = PBXProject;
			attributes = {
				LastSwiftUpdateCheck = 1130;
				LastUpgradeCheck = 1130;
				ORGANIZATIONNAME = Nobel;
				TargetAttributes = {
					7A1CC4F02420D5930058FB65 = {
						CreatedOnToolsVersion = 11.3.1;
					};
				};
			};
			buildConfigurationList = 7A1CC4EC2420D5930058FB65 /* Build configuration list for PBXProject "aira" */;
			compatibilityVersion = "Xcode 9.3";
			developmentRegion = en;
			hasScannedForEncodings = 0;
			knownRegions = (
				en,
				Base,
			);
			mainGroup = 7A1CC4E82420D5930058FB65;
			productRefGroup = 7A1CC4F22420D5930058FB65 /* Products */;
			projectDirPath = "";
			projectRoot = "";
			targets = (
				7A1CC4F02420D5930058FB65 /* aira */,
			);
		};
/* End PBXProject section */

/* Begin PBXResourcesBuildPhase section */
		7A1CC4EF2420D5930058FB65 /* Resources */ = {
			isa = PBXResourcesBuildPhase;
			buildActionMask = 2147483647;
			files = (
				7A1CC4FF2420D5950058FB65 /* Main.storyboard in Resources */,
				7A1CC4FC2420D5950058FB65 /* Preview Assets.xcassets in Resources */,
				7A1CC4F92420D5950058FB65 /* Assets.xcassets in Resources */,
			);
			runOnlyForDeploymentPostprocessing = 0;
		};
/* End PBXResourcesBuildPhase section */

/* Begin PBXSourcesBuildPhase section */
		7A1CC4ED2420D5930058FB65 /* Sources */ = {
			isa = PBXSourcesBuildPhase;
			buildActionMask = 2147483647;
			files = (
				7A727B60242125CF002FDD12 /* TrashView.swift in Sources */,
				7A727B6624215096002FDD12 /* SettingsView.swift in Sources */,
				7A727B6824234A0A002FDD12 /* NewTaskView.swift in Sources */,
				7A727B5C242125BC002FDD12 /* DownloadingView.swift in Sources */,
				7A727B62242126CD002FDD12 /* TaskCellView.swift in Sources */,
				7A727B5E242125C5002FDD12 /* HistoryView.swift in Sources */,
				7A727B5A24212599002FDD12 /* DashboardView.swift in Sources */,
				7A1CC4F52420D5930058FB65 /* AppDelegate.swift in Sources */,
			);
			runOnlyForDeploymentPostprocessing = 0;
		};
/* End PBXSourcesBuildPhase section */

/* Begin PBXVariantGroup section */
		7A1CC4FD2420D5950058FB65 /* Main.storyboard */ = {
			isa = PBXVariantGroup;
			children = (
				7A1CC4FE2420D5950058FB65 /* Base */,
			);
			name = Main.storyboard;
			sourceTree = "<group>";
		};
/* End PBXVariantGroup section */

/* Begin XCBuildConfiguration section */
		7A1CC5022420D5950058FB65 /* Debug */ = {
			isa = XCBuildConfiguration;
			buildSettings = {
				ALWAYS_SEARCH_USER_PATHS = NO;
				CLANG_ANALYZER_NONNULL = YES;
				CLANG_ANALYZER_NUMBER_OBJECT_CONVERSION = YES_AGGRESSIVE;
				CLANG_CXX_LANGUAGE_STANDARD = "gnu++14";
				CLANG_CXX_LIBRARY = "libc++";
				CLANG_ENABLE_MODULES = YES;
				CLANG_ENABLE_OBJC_ARC = YES;
				CLANG_ENABLE_OBJC_WEAK = YES;
				CLANG_WARN_BLOCK_CAPTURE_AUTORELEASING = YES;
				CLANG_WARN_BOOL_CONVERSION = YES;
				CLANG_WARN_COMMA = YES;
				CLANG_WARN_CONSTANT_CONVERSION = YES;
				CLANG_WARN_DEPRECATED_OBJC_IMPLEMENTATIONS = YES;
				CLANG_WARN_DIRECT_OBJC_ISA_USAGE = YES_ERROR;
				CLANG_WARN_DOCUMENTATION_COMMENTS = YES;
				CLANG_WARN_EMPTY_BODY = YES;
				CLANG_WARN_ENUM_CONVERSION = YES;
				CLANG_WARN_INFINITE_RECURSION = YES;
				CLANG_WARN_INT_CONVERSION = YES;
				CLANG_WARN_NON_LITERAL_NULL_CONVERSION = YES;
				CLANG_WARN_OBJC_IMPLICIT_RETAIN_SELF = YES;
				CLANG_WARN_OBJC_LITERAL_CONVERSION = YES;
				CLANG_WARN_OBJC_ROOT_CLASS = YES_ERROR;
				CLANG_WARN_RANGE_LOOP_ANALYSIS = YES;
				CLANG_WARN_STRICT_PROTOTYPES = YES;
				CLANG_WARN_SUSPICIOUS_MOVE = YES;
				CLANG_WARN_UNGUARDED_AVAILABILITY = YES_AGGRESSIVE;
				CLANG_WARN_UNREACHABLE_CODE = YES;
				CLANG_WARN__DUPLICATE_METHOD_MATCH = YES;
				COPY_PHASE_STRIP = NO;
				DEBUG_INFORMATION_FORMAT = dwarf;
				ENABLE_STRICT_OBJC_MSGSEND = YES;
				ENABLE_TESTABILITY = YES;
				GCC_C_LANGUAGE_STANDARD = gnu11;
				GCC_DYNAMIC_NO_PIC = NO;
				GCC_NO_COMMON_BLOCKS = YES;
				GCC_OPTIMIZATION_LEVEL = 0;
				GCC_PREPROCESSOR_DEFINITIONS = (
					"DEBUG=1",
					"$(inherited)",
				);
				GCC_WARN_64_TO_32_BIT_CONVERSION = YES;
				GCC_WARN_ABOUT_RETURN_TYPE = YES_ERROR;
				GCC_WARN_UNDECLARED_SELECTOR = YES;
				GCC_WARN_UNINITIALIZED_AUTOS = YES_AGGRESSIVE;
				GCC_WARN_UNUSED_FUNCTION = YES;
				GCC_WARN_UNUSED_VARIABLE = YES;
				MACOSX_DEPLOYMENT_TARGET = 10.15;
				MTL_ENABLE_DEBUG_INFO = INCLUDE_SOURCE;
				MTL_FAST_MATH = YES;
				ONLY_ACTIVE_ARCH = YES;
				SDKROOT = macosx;
				SWIFT_ACTIVE_COMPILATION_CONDITIONS = DEBUG;
				SWIFT_OPTIMIZATION_LEVEL = "-Onone";
			};
			name = Debug;
		};
		7A1CC5032420D5950058FB65 /* Release */ = {
			isa = XCBuildConfiguration;
			buildSettings = {
				ALWAYS_SEARCH_USER_PATHS = NO;
				CLANG_ANALYZER_NONNULL = YES;
				CLANG_ANALYZER_NUMBER_OBJECT_CONVERSION = YES_AGGRESSIVE;
				CLANG_CXX_LANGUAGE_STANDARD = "gnu++14";
				CLANG_CXX_LIBRARY = "libc++";
				CLANG_ENABLE_MODULES = YES;
				CLANG_ENABLE_OBJC_ARC = YES;
				CLANG_ENABLE_OBJC_WEAK = YES;
				CLANG_WARN_BLOCK_CAPTURE_AUTORELEASING = YES;
				CLANG_WARN_BOOL_CONVERSION = YES;
				CLANG_WARN_COMMA = YES;
				CLANG_WARN_CONSTANT_CONVERSION = YES;
				CLANG_WARN_DEPRECATED_OBJC_IMPLEMENTATIONS = YES;
				CLANG_WARN_DIRECT_OBJC_ISA_USAGE = YES_ERROR;
				CLANG_WARN_DOCUMENTATION_COMMENTS = YES;
				CLANG_WARN_EMPTY_BODY = YES;
				CLANG_WARN_ENUM_CONVERSION = YES;
				CLANG_WARN_INFINITE_RECURSION = YES;
				CLANG_WARN_INT_CONVERSION = YES;
				CLANG_WARN_NON_LITERAL_NULL_CONVERSION = YES;
				CLANG_WARN_OBJC_IMPLICIT_RETAIN_SELF = YES;
				CLANG_WARN_OBJC_LITERAL_CONVERSION = YES;
				CLANG_WARN_OBJC_ROOT_CLASS = YES_ERROR;
				CLANG_WARN_RANGE_LOOP_ANALYSIS = YES;
				CLANG_WARN_STRICT_PROTOTYPES = YES;
				CLANG_WARN_SUSPICIOUS_MOVE = YES;
				CLANG_WARN_UNGUARDED_AVAILABILITY = YES_AGGRESSIVE;
				CLANG_WARN_UNREACHABLE_CODE = YES;
				CLANG_WARN__DUPLICATE_METHOD_MATCH = YES;
				COPY_PHASE_STRIP = NO;
				DEBUG_INFORMATION_FORMAT = "dwarf-with-dsym";
				ENABLE_NS_ASSERTIONS = NO;
				ENABLE_STRICT_OBJC_MSGSEND = YES;
				GCC_C_LANGUAGE_STANDARD = gnu11;
				GCC_NO_COMMON_BLOCKS = YES;
				GCC_WARN_64_TO_32_BIT_CONVERSION = YES;
				GCC_WARN_ABOUT_RETURN_TYPE = YES_ERROR;
				GCC_WARN_UNDECLARED_SELECTOR = YES;
				GCC_WARN_UNINITIALIZED_AUTOS = YES_AGGRESSIVE;
				GCC_WARN_UNUSED_FUNCTION = YES;
				GCC_WARN_UNUSED_VARIABLE = YES;
				MACOSX_DEPLOYMENT_TARGET = 10.15;
				MTL_ENABLE_DEBUG_INFO = NO;
				MTL_FAST_MATH = YES;
				SDKROOT = macosx;
				SWIFT_COMPILATION_MODE = wholemodule;
				SWIFT_OPTIMIZATION_LEVEL = "-O";
			};
			name = Release;
		};
		7A1CC5052420D5950058FB65 /* Debug */ = {
			isa = XCBuildConfiguration;
			buildSettings = {
				ASSETCATALOG_COMPILER_APPICON_NAME = AppIcon;
				CODE_SIGN_ENTITLEMENTS = aira/aira.entitlements;
				CODE_SIGN_STYLE = Automatic;
				COMBINE_HIDPI_IMAGES = YES;
				DEVELOPMENT_ASSET_PATHS = "\"aira/Preview Content\"";
				DEVELOPMENT_TEAM = 5Y35GT37Q4;
				ENABLE_HARDENED_RUNTIME = YES;
				ENABLE_PREVIEWS = YES;
				INFOPLIST_FILE = aira/Info.plist;
				LD_RUNPATH_SEARCH_PATHS = (
					"$(inherited)",
					"@executable_path/../Frameworks",
				);
				MACOSX_DEPLOYMENT_TARGET = 10.15;
				PRODUCT_BUNDLE_IDENTIFIER = com.nobel.aira;
				PRODUCT_NAME = "$(TARGET_NAME)";
				SWIFT_VERSION = 5.0;
			};
			name = Debug;
		};
		7A1CC5062420D5950058FB65 /* Release */ = {
			isa = XCBuildConfiguration;
			buildSettings = {
				ASSETCATALOG_COMPILER_APPICON_NAME = AppIcon;
				CODE_SIGN_ENTITLEMENTS = aira/aira.entitlements;
				CODE_SIGN_STYLE = Automatic;
				COMBINE_HIDPI_IMAGES = YES;
				DEVELOPMENT_ASSET_PATHS = "\"aira/Preview Content\"";
				DEVELOPMENT_TEAM = 5Y35GT37Q4;
				ENABLE_HARDENED_RUNTIME = YES;
				ENABLE_PREVIEWS = YES;
				INFOPLIST_FILE = aira/Info.plist;
				LD_RUNPATH_SEARCH_PATHS = (
					"$(inherited)",
					"@executable_path/../Frameworks",
				);
				MACOSX_DEPLOYMENT_TARGET = 10.15;
				PRODUCT_BUNDLE_IDENTIFIER = com.nobel.aira;
				PRODUCT_NAME = "$(TARGET_NAME)";
				SWIFT_VERSION = 5.0;
			};
			name = Release;
		};
/* End XCBuildConfiguration section */

/* Begin XCConfigurationList section */
		7A1CC4EC2420D5930058FB65 /* Build configuration list for PBXProject "aira" */ = {
			isa = XCConfigurationList;
			buildConfigurations = (
				7A1CC5022420D5950058FB65 /* Debug */,
				7A1CC5032420D5950058FB65 /* Release */,
			);
			defaultConfigurationIsVisible = 0;
			defaultConfigurationName = Release;
		};
		7A1CC5042420D5950058FB65 /* Build configuration list for PBXNativeTarget "aira" */ = {
			isa = XCConfigurationList;
			buildConfigurations = (
				7A1CC5052420D5950058FB65 /* Debug */,
				7A1CC5062420D5950058FB65 /* Release */,
			);
			defaultConfigurationIsVisible = 0;
			defaultConfigurationName = Release;
		};
/* End XCConfigurationList section */
	};
	rootObject = 7A1CC4E92420D5930058FB65 /* Project object */;
}
